
Microsoft Visual Studio Solution File, Format Version 12.00
# Visual Studio Version 16
VisualStudioVersion = 16.0.30709.132
MinimumVisualStudioVersion = 10.0.40219.1
Project("{9A19103F-16F7-4668-BE54-9A1E7A4F7556}") = "EZYPOS", "EZYPOS\EZYPOS.csproj", "{178D5A0C-F127-4ED0-B3D9-61217695C8F6}"
EndProject
Project("{9A19103F-16F7-4668-BE54-9A1E7A4F7556}") = "DAL", "DAL\DAL.csproj", "{54FC0031-7448-4F95-B2A6-1D4CC06C50E0}"
EndProject
Project("{9A19103F-16F7-4668-BE54-9A1E7A4F7556}") = "Common", "Common\Common.csproj", "{7B41634B-9F01-428B-9295-3714DE403534}"
EndProject
Project("{FAE04EC0-301F-11D3-BF4B-00C04F79EFBC}") = "Report", "Report\Report.csproj", "{C655B1FA-792B-40BA-BD84-168460F8C398}"
EndProject
Global
	GlobalSection(SolutionConfigurationPlatforms) = preSolution
		Debug|Any CPU = Debug|Any CPU
		Release|Any CPU = Release|Any CPU
	EndGlobalSection
	GlobalSection(ProjectConfigurationPlatforms) = postSolution
		{178D5A0C-F127-4ED0-B3D9-61217695C8F6}.Debug|Any CPU.ActiveCfg = Debug|Any CPU
		{178D5A0C-F127-4ED0-B3D9-61217695C8F6}.Debug|Any CPU.Build.0 = Debug|Any CPU
		{178D5A0C-F127-4ED0-B3D9-61217695C8F6}.Release|Any CPU.ActiveCfg = Release|Any CPU
		{178D5A0C-F127-4ED0-B3D9-61217695C8F6}.Release|Any CPU.Build.0 = Release|Any CPU
		{54FC0031-7448-4F95-B2A6-1D4CC06C50E0}.Debug|Any CPU.ActiveCfg = Debug|Any CPU
		{54FC0031-7448-4F95-B2A6-1D4CC06C50E0}.Debug|Any CPU.Build.0 = Debug|Any CPU
		{54FC0031-7448-4F95-B2A6-1D4CC06C50E0}.Release|Any CPU.ActiveCfg = Release|Any CPU
		{54FC0031-7448-4F95-B2A6-1D4CC06C50E0}.Release|Any CPU.Build.0 = Release|Any CPU
		{7B41634B-9F01-428B-9295-3714DE403534}.Debug|Any CPU.ActiveCfg = Debug|Any CPU
		{7B41634B-9F01-428B-9295-3714DE403534}.Debug|Any CPU.Build.0 = Debug|Any CPU
		{7B41634B-9F01-428B-9295-3714DE403534}.Release|Any CPU.ActiveCfg = Release|Any CPU
		{7B41634B-9F01-428B-9295-3714DE403534}.Release|Any CPU.Build.0 = Release|Any CPU
		{C655B1FA-792B-40BA-BD84-168460F8C398}.Debug|Any CPU.ActiveCfg = Debug|Any CPU
		{C655B1FA-792B-40BA-BD84-168460F8C398}.Debug|Any CPU.Build.0 = Debug|Any CPU
		{C655B1FA-792B-40BA-BD84-168460F8C398}.Release|Any CPU.ActiveCfg = Release|Any CPU
		{C655B1FA-792B-40BA-BD84-168460F8C398}.Release|Any CPU.Build.0 = Release|Any CPU
	EndGlobalSection
	GlobalSection(SolutionProperties) = preSolution
		HideSolutionNode = FALSE
	EndGlobalSection
	GlobalSection(ExtensibilityGlobals) = postSolution
		SolutionGuid = {BA8197EB-104E-481C-BEDC-3446B1FBC460}
	EndGlobalSection
EndGlobal
